
Microsoft Visual Studio Solution File, Format Version 12.00
# Visual Studio 15
VisualStudioVersion = 15.0.27004.2009
MinimumVisualStudioVersion = 10.0.40219.1
Project("{9A19103F-16F7-4668-BE54-9A1E7A4F7556}") = "Microsoft.AspNet.SignalR.Core", "src\Microsoft.AspNet.SignalR.Core\Microsoft.AspNet.SignalR.Core.csproj", "{2BF0D615-5F56-43EE-A2FC-2CA283C986CA}"
EndProject
Project("{9A19103F-16F7-4668-BE54-9A1E7A4F7556}") = "TestWebApplication", "TestWebApplication\TestWebApplication.csproj", "{F399903E-D0FD-48DC-8435-DF3088CCC74A}"
EndProject
Project("{FAE04EC0-301F-11D3-BF4B-00C04F79EFBC}") = "TestUwpClient", "TestUwpClient\TestUwpClient.csproj", "{E2925B00-278C-4DB9-8954-98173140CA73}"
EndProject
Global
	GlobalSection(SolutionConfigurationPlatforms) = preSolution
		Debug|Any CPU = Debug|Any CPU
		Debug|ARM = Debug|ARM
		Debug|x64 = Debug|x64
		Debug|x86 = Debug|x86
		Release|Any CPU = Release|Any CPU
		Release|ARM = Release|ARM
		Release|x64 = Release|x64
		Release|x86 = Release|x86
	EndGlobalSection
	GlobalSection(ProjectConfigurationPlatforms) = postSolution
		{2BF0D615-5F56-43EE-A2FC-2CA283C986CA}.Debug|Any CPU.ActiveCfg = Debug|Any CPU
		{2BF0D615-5F56-43EE-A2FC-2CA283C986CA}.Debug|Any CPU.Build.0 = Debug|Any CPU
		{2BF0D615-5F56-43EE-A2FC-2CA283C986CA}.Debug|ARM.ActiveCfg = Debug|Any CPU
		{2BF0D615-5F56-43EE-A2FC-2CA283C986CA}.Debug|ARM.Build.0 = Debug|Any CPU
		{2BF0D615-5F56-43EE-A2FC-2CA283C986CA}.Debug|x64.ActiveCfg = Debug|Any CPU
		{2BF0D615-5F56-43EE-A2FC-2CA283C986CA}.Debug|x64.Build.0 = Debug|Any CPU
		{2BF0D615-5F56-43EE-A2FC-2CA283C986CA}.Debug|x86.ActiveCfg = Debug|Any CPU
		{2BF0D615-5F56-43EE-A2FC-2CA283C986CA}.Debug|x86.Build.0 = Debug|Any CPU
		{2BF0D615-5F56-43EE-A2FC-2CA283C986CA}.Release|Any CPU.ActiveCfg = Release|Any CPU
		{2BF0D615-5F56-43EE-A2FC-2CA283C986CA}.Release|Any CPU.Build.0 = Release|Any CPU
		{2BF0D615-5F56-43EE-A2FC-2CA283C986CA}.Release|ARM.ActiveCfg = Release|Any CPU
		{2BF0D615-5F56-43EE-A2FC-2CA283C986CA}.Release|ARM.Build.0 = Release|Any CPU
		{2BF0D615-5F56-43EE-A2FC-2CA283C986CA}.Release|x64.ActiveCfg = Release|Any CPU
		{2BF0D615-5F56-43EE-A2FC-2CA283C986CA}.Release|x64.Build.0 = Release|Any CPU
		{2BF0D615-5F56-43EE-A2FC-2CA283C986CA}.Release|x86.ActiveCfg = Release|Any CPU
		{2BF0D615-5F56-43EE-A2FC-2CA283C986CA}.Release|x86.Build.0 = Release|Any CPU
		{F399903E-D0FD-48DC-8435-DF3088CCC74A}.Debug|Any CPU.ActiveCfg = Debug|Any CPU
		{F399903E-D0FD-48DC-8435-DF3088CCC74A}.Debug|Any CPU.Build.0 = Debug|Any CPU
		{F399903E-D0FD-48DC-8435-DF3088CCC74A}.Debug|ARM.ActiveCfg = Debug|Any CPU
		{F399903E-D0FD-48DC-8435-DF3088CCC74A}.Debug|ARM.Build.0 = Debug|Any CPU
		{F399903E-D0FD-48DC-8435-DF3088CCC74A}.Debug|x64.ActiveCfg = Debug|Any CPU
		{F399903E-D0FD-48DC-8435-DF3088CCC74A}.Debug|x64.Build.0 = Debug|Any CPU
		{F399903E-D0FD-48DC-8435-DF3088CCC74A}.Debug|x86.ActiveCfg = Debug|Any CPU
		{F399903E-D0FD-48DC-8435-DF3088CCC74A}.Debug|x86.Build.0 = Debug|Any CPU
		{F399903E-D0FD-48DC-8435-DF3088CCC74A}.Release|Any CPU.ActiveCfg = Release|Any CPU
		{F399903E-D0FD-48DC-8435-DF3088CCC74A}.Release|Any CPU.Build.0 = Release|Any CPU
		{F399903E-D0FD-48DC-8435-DF3088CCC74A}.Release|ARM.ActiveCfg = Release|Any CPU
		{F399903E-D0FD-48DC-8435-DF3088CCC74A}.Release|ARM.Build.0 = Release|Any CPU
		{F399903E-D0FD-48DC-8435-DF3088CCC74A}.Release|x64.ActiveCfg = Release|Any CPU
		{F399903E-D0FD-48DC-8435-DF3088CCC74A}.Release|x64.Build.0 = Release|Any CPU
		{F399903E-D0FD-48DC-8435-DF3088CCC74A}.Release|x86.ActiveCfg = Release|Any CPU
		{F399903E-D0FD-48DC-8435-DF3088CCC74A}.Release|x86.Build.0 = Release|Any CPU
		{E2925B00-278C-4DB9-8954-98173140CA73}.Debug|Any CPU.ActiveCfg = Debug|x86
		{E2925B00-278C-4DB9-8954-98173140CA73}.Debug|Any CPU.Build.0 = Debug|x86
		{E2925B00-278C-4DB9-8954-98173140CA73}.Debug|Any CPU.Deploy.0 = Debug|x86
		{E2925B00-278C-4DB9-8954-98173140CA73}.Debug|ARM.ActiveCfg = Debug|ARM
		{E2925B00-278C-4DB9-8954-98173140CA73}.Debug|ARM.Build.0 = Debug|ARM
		{E2925B00-278C-4DB9-8954-98173140CA73}.Debug|ARM.Deploy.0 = Debug|ARM
		{E2925B00-278C-4DB9-8954-98173140CA73}.Debug|x64.ActiveCfg = Debug|x64
		{E2925B00-278C-4DB9-8954-98173140CA73}.Debug|x64.Build.0 = Debug|x64
		{E2925B00-278C-4DB9-8954-98173140CA73}.Debug|x64.Deploy.0 = Debug|x64
		{E2925B00-278C-4DB9-8954-98173140CA73}.Debug|x86.ActiveCfg = Debug|x86
		{E2925B00-278C-4DB9-8954-98173140CA73}.Debug|x86.Build.0 = Debug|x86
		{E2925B00-278C-4DB9-8954-98173140CA73}.Debug|x86.Deploy.0 = Debug|x86
		{E2925B00-278C-4DB9-8954-98173140CA73}.Release|Any CPU.ActiveCfg = Release|x86
		{E2925B00-278C-4DB9-8954-98173140CA73}.Release|ARM.ActiveCfg = Release|ARM
		{E2925B00-278C-4DB9-8954-98173140CA73}.Release|ARM.Build.0 = Release|ARM
		{E2925B00-278C-4DB9-8954-98173140CA73}.Release|ARM.Deploy.0 = Release|ARM
		{E2925B00-278C-4DB9-8954-98173140CA73}.Release|x64.ActiveCfg = Release|x64
		{E2925B00-278C-4DB9-8954-98173140CA73}.Release|x64.Build.0 = Release|x64
		{E2925B00-278C-4DB9-8954-98173140CA73}.Release|x64.Deploy.0 = Release|x64
		{E2925B00-278C-4DB9-8954-98173140CA73}.Release|x86.ActiveCfg = Release|x86
		{E2925B00-278C-4DB9-8954-98173140CA73}.Release|x86.Build.0 = Release|x86
		{E2925B00-278C-4DB9-8954-98173140CA73}.Release|x86.Deploy.0 = Release|x86
	EndGlobalSection
	GlobalSection(SolutionProperties) = preSolution
		HideSolutionNode = FALSE
	EndGlobalSection
	GlobalSection(ExtensibilityGlobals) = postSolution
		SolutionGuid = {BA6052B9-2C2A-436F-AC5D-FDFD02C79B9A}
	EndGlobalSection
EndGlobal
